
Microsoft Visual Studio Solution File, Format Version 12.00
# Visual Studio 2017
Project("{FAE04EC0-301F-11D3-BF4B-00C04F79EFBC}") = "VR Pong", "VR Pong.csproj", "{94547933-809C-FEDA-3098-BC44B09984EB}"
EndProject
Project("{FAE04EC0-301F-11D3-BF4B-00C04F79EFBC}") = "VR Pong.Editor", "VR Pong.Editor.csproj", "{F4C64357-3078-6A0E-1993-FC5A3DE7AF4D}"
EndProject
Global
	GlobalSection(SolutionConfigurationPlatforms) = preSolution
		Debug|Any CPU = Debug|Any CPU
		Release|Any CPU = Release|Any CPU
	EndGlobalSection
	GlobalSection(ProjectConfigurationPlatforms) = postSolution
		{94547933-809C-FEDA-3098-BC44B09984EB}.Debug|Any CPU.ActiveCfg = Debug|Any CPU
		{94547933-809C-FEDA-3098-BC44B09984EB}.Debug|Any CPU.Build.0 = Debug|Any CPU
		{94547933-809C-FEDA-3098-BC44B09984EB}.Release|Any CPU.ActiveCfg = Release|Any CPU
		{94547933-809C-FEDA-3098-BC44B09984EB}.Release|Any CPU.Build.0 = Release|Any CPU
		{F4C64357-3078-6A0E-1993-FC5A3DE7AF4D}.Debug|Any CPU.ActiveCfg = Debug|Any CPU
		{F4C64357-3078-6A0E-1993-FC5A3DE7AF4D}.Debug|Any CPU.Build.0 = Debug|Any CPU
		{F4C64357-3078-6A0E-1993-FC5A3DE7AF4D}.Release|Any CPU.ActiveCfg = Release|Any CPU
		{F4C64357-3078-6A0E-1993-FC5A3DE7AF4D}.Release|Any CPU.Build.0 = Release|Any CPU
	EndGlobalSection
	GlobalSection(SolutionProperties) = preSolution
		HideSolutionNode = FALSE
	EndGlobalSection
EndGlobal
